
Microsoft Visual Studio Solution File, Format Version 12.00
# Visual Studio Version 17
VisualStudioVersion = 17.9.34728.123
MinimumVisualStudioVersion = 10.0.40219.1
Project("{8BC9CEB8-8B4A-11D0-8D11-00A0C91BC942}") = "Posco_Cpp_Project", "Posco_Cpp_Project.vcxproj", "{119977EE-5387-418F-994D-CD4D9FC1379D}"
EndProject
Project("{8BC9CEB8-8B4A-11D0-8D11-00A0C91BC942}") = "Project1_baskinRobbins", "Project1_baskinRobbins\Project1_baskinRobbins.vcxproj", "{CC33BA2B-4C7D-4E91-9DB0-924B5AA425A5}"
EndProject
Project("{8BC9CEB8-8B4A-11D0-8D11-00A0C91BC942}") = "Project2_wordChain", "Project2_wordChain\Project2_wordChain.vcxproj", "{F937336C-B942-41AE-BDAB-9D943CC53056}"
EndProject
Project("{8BC9CEB8-8B4A-11D0-8D11-00A0C91BC942}") = "Project3_numberGame", "Project3_numberGame\Project3_numberGame.vcxproj", "{8FEA075B-70B0-4771-921F-9063CCB8989A}"
EndProject
Project("{8BC9CEB8-8B4A-11D0-8D11-00A0C91BC942}") = "Project4_magicSquare", "Project4_magicSquare\Project4_magicSquare.vcxproj", "{BFD92113-AE0D-48D2-A9E7-12152AA3B5A1}"
EndProject
Project("{8BC9CEB8-8B4A-11D0-8D11-00A0C91BC942}") = "Project5_baseballGame", "Project5_baseballGame\Project5_baseballGame.vcxproj", "{140CBBDA-6248-4C2D-B9B6-24EA66D2757A}"
EndProject
Global
	GlobalSection(SolutionConfigurationPlatforms) = preSolution
		Debug|x64 = Debug|x64
		Debug|x86 = Debug|x86
		Release|x64 = Release|x64
		Release|x86 = Release|x86
	EndGlobalSection
	GlobalSection(ProjectConfigurationPlatforms) = postSolution
		{119977EE-5387-418F-994D-CD4D9FC1379D}.Debug|x64.ActiveCfg = Debug|x64
		{119977EE-5387-418F-994D-CD4D9FC1379D}.Debug|x64.Build.0 = Debug|x64
		{119977EE-5387-418F-994D-CD4D9FC1379D}.Debug|x86.ActiveCfg = Debug|Win32
		{119977EE-5387-418F-994D-CD4D9FC1379D}.Debug|x86.Build.0 = Debug|Win32
		{119977EE-5387-418F-994D-CD4D9FC1379D}.Release|x64.ActiveCfg = Release|x64
		{119977EE-5387-418F-994D-CD4D9FC1379D}.Release|x64.Build.0 = Release|x64
		{119977EE-5387-418F-994D-CD4D9FC1379D}.Release|x86.ActiveCfg = Release|Win32
		{119977EE-5387-418F-994D-CD4D9FC1379D}.Release|x86.Build.0 = Release|Win32
		{CC33BA2B-4C7D-4E91-9DB0-924B5AA425A5}.Debug|x64.ActiveCfg = Debug|x64
		{CC33BA2B-4C7D-4E91-9DB0-924B5AA425A5}.Debug|x64.Build.0 = Debug|x64
		{CC33BA2B-4C7D-4E91-9DB0-924B5AA425A5}.Debug|x86.ActiveCfg = Debug|Win32
		{CC33BA2B-4C7D-4E91-9DB0-924B5AA425A5}.Debug|x86.Build.0 = Debug|Win32
		{CC33BA2B-4C7D-4E91-9DB0-924B5AA425A5}.Release|x64.ActiveCfg = Release|x64
		{CC33BA2B-4C7D-4E91-9DB0-924B5AA425A5}.Release|x64.Build.0 = Release|x64
		{CC33BA2B-4C7D-4E91-9DB0-924B5AA425A5}.Release|x86.ActiveCfg = Release|Win32
		{CC33BA2B-4C7D-4E91-9DB0-924B5AA425A5}.Release|x86.Build.0 = Release|Win32
		{F937336C-B942-41AE-BDAB-9D943CC53056}.Debug|x64.ActiveCfg = Debug|x64
		{F937336C-B942-41AE-BDAB-9D943CC53056}.Debug|x64.Build.0 = Debug|x64
		{F937336C-B942-41AE-BDAB-9D943CC53056}.Debug|x86.ActiveCfg = Debug|Win32
		{F937336C-B942-41AE-BDAB-9D943CC53056}.Debug|x86.Build.0 = Debug|Win32
		{F937336C-B942-41AE-BDAB-9D943CC53056}.Release|x64.ActiveCfg = Release|x64
		{F937336C-B942-41AE-BDAB-9D943CC53056}.Release|x64.Build.0 = Release|x64
		{F937336C-B942-41AE-BDAB-9D943CC53056}.Release|x86.ActiveCfg = Release|Win32
		{F937336C-B942-41AE-BDAB-9D943CC53056}.Release|x86.Build.0 = Release|Win32
		{8FEA075B-70B0-4771-921F-9063CCB8989A}.Debug|x64.ActiveCfg = Debug|x64
		{8FEA075B-70B0-4771-921F-9063CCB8989A}.Debug|x64.Build.0 = Debug|x64
		{8FEA075B-70B0-4771-921F-9063CCB8989A}.Debug|x86.ActiveCfg = Debug|Win32
		{8FEA075B-70B0-4771-921F-9063CCB8989A}.Debug|x86.Build.0 = Debug|Win32
		{8FEA075B-70B0-4771-921F-9063CCB8989A}.Release|x64.ActiveCfg = Release|x64
		{8FEA075B-70B0-4771-921F-9063CCB8989A}.Release|x64.Build.0 = Release|x64
		{8FEA075B-70B0-4771-921F-9063CCB8989A}.Release|x86.ActiveCfg = Release|Win32
		{8FEA075B-70B0-4771-921F-9063CCB8989A}.Release|x86.Build.0 = Release|Win32
		{BFD92113-AE0D-48D2-A9E7-12152AA3B5A1}.Debug|x64.ActiveCfg = Debug|x64
		{BFD92113-AE0D-48D2-A9E7-12152AA3B5A1}.Debug|x64.Build.0 = Debug|x64
		{BFD92113-AE0D-48D2-A9E7-12152AA3B5A1}.Debug|x86.ActiveCfg = Debug|Win32
		{BFD92113-AE0D-48D2-A9E7-12152AA3B5A1}.Debug|x86.Build.0 = Debug|Win32
		{BFD92113-AE0D-48D2-A9E7-12152AA3B5A1}.Release|x64.ActiveCfg = Release|x64
		{BFD92113-AE0D-48D2-A9E7-12152AA3B5A1}.Release|x64.Build.0 = Release|x64
		{BFD92113-AE0D-48D2-A9E7-12152AA3B5A1}.Release|x86.ActiveCfg = Release|Win32
		{BFD92113-AE0D-48D2-A9E7-12152AA3B5A1}.Release|x86.Build.0 = Release|Win32
		{140CBBDA-6248-4C2D-B9B6-24EA66D2757A}.Debug|x64.ActiveCfg = Debug|x64
		{140CBBDA-6248-4C2D-B9B6-24EA66D2757A}.Debug|x64.Build.0 = Debug|x64
		{140CBBDA-6248-4C2D-B9B6-24EA66D2757A}.Debug|x86.ActiveCfg = Debug|Win32
		{140CBBDA-6248-4C2D-B9B6-24EA66D2757A}.Debug|x86.Build.0 = Debug|Win32
		{140CBBDA-6248-4C2D-B9B6-24EA66D2757A}.Release|x64.ActiveCfg = Release|x64
		{140CBBDA-6248-4C2D-B9B6-24EA66D2757A}.Release|x64.Build.0 = Release|x64
		{140CBBDA-6248-4C2D-B9B6-24EA66D2757A}.Release|x86.ActiveCfg = Release|Win32
		{140CBBDA-6248-4C2D-B9B6-24EA66D2757A}.Release|x86.Build.0 = Release|Win32
	EndGlobalSection
	GlobalSection(SolutionProperties) = preSolution
		HideSolutionNode = FALSE
	EndGlobalSection
	GlobalSection(ExtensibilityGlobals) = postSolution
		SolutionGuid = {5C271528-B907-4585-8B43-90C8182422C9}
	EndGlobalSection
EndGlobal
